
Microsoft Visual Studio Solution File, Format Version 12.00
# Visual Studio Version 17
VisualStudioVersion = 17.9.34607.119
MinimumVisualStudioVersion = 10.0.40219.1
Project("{FAE04EC0-301F-11D3-BF4B-00C04F79EFBC}") = "snowfallscr", "snowfallscr\snowfallscr.csproj", "{9D784661-064B-4304-A46F-E73BCAD5F976}"
EndProject
Global
	GlobalSection(SolutionConfigurationPlatforms) = preSolution
		Debug|Any CPU = Debug|Any CPU
		Release|Any CPU = Release|Any CPU
	EndGlobalSection
	GlobalSection(ProjectConfigurationPlatforms) = postSolution
		{9D784661-064B-4304-A46F-E73BCAD5F976}.Debug|Any CPU.ActiveCfg = Debug|Any CPU
		{9D784661-064B-4304-A46F-E73BCAD5F976}.Debug|Any CPU.Build.0 = Debug|Any CPU
		{9D784661-064B-4304-A46F-E73BCAD5F976}.Release|Any CPU.ActiveCfg = Release|Any CPU
		{9D784661-064B-4304-A46F-E73BCAD5F976}.Release|Any CPU.Build.0 = Release|Any CPU
	EndGlobalSection
	GlobalSection(SolutionProperties) = preSolution
		HideSolutionNode = FALSE
	EndGlobalSection
	GlobalSection(ExtensibilityGlobals) = postSolution
		SolutionGuid = {A1D5D8DF-9E5C-4266-989C-5C32CCD5DFC6}
	EndGlobalSection
EndGlobal
